
Microsoft Visual Studio Solution File, Format Version 12.00
# Visual Studio Version 17
VisualStudioVersion = 17.10.35004.147
MinimumVisualStudioVersion = 10.0.40219.1
Project("{FAE04EC0-301F-11D3-BF4B-00C04F79EFBC}") = "IProduct", "IProduct\IProduct.csproj", "{4D0232EF-6A71-499A-AD5A-A7A73ADBBD4D}"
EndProject
Global
	GlobalSection(SolutionConfigurationPlatforms) = preSolution
		Debug|Any CPU = Debug|Any CPU
		Release|Any CPU = Release|Any CPU
	EndGlobalSection
	GlobalSection(ProjectConfigurationPlatforms) = postSolution
		{4D0232EF-6A71-499A-AD5A-A7A73ADBBD4D}.Debug|Any CPU.ActiveCfg = Debug|Any CPU
		{4D0232EF-6A71-499A-AD5A-A7A73ADBBD4D}.Debug|Any CPU.Build.0 = Debug|Any CPU
		{4D0232EF-6A71-499A-AD5A-A7A73ADBBD4D}.Release|Any CPU.ActiveCfg = Release|Any CPU
		{4D0232EF-6A71-499A-AD5A-A7A73ADBBD4D}.Release|Any CPU.Build.0 = Release|Any CPU
	EndGlobalSection
	GlobalSection(SolutionProperties) = preSolution
		HideSolutionNode = FALSE
	EndGlobalSection
	GlobalSection(ExtensibilityGlobals) = postSolution
		SolutionGuid = {DE3215A3-9294-416C-AFD4-1A506476A4C2}
	EndGlobalSection
EndGlobal
